// !$*UTF8*$!
{
	archiveVersion = 1;
	classes = {
	};
	objectVersion = 46;
	objects = {

/* Begin PBXBuildFile section */
		B5A0327C17EB60600048E78A /* Foundation.framework in Frameworks */ = {isa = PBXBuildFile; fileRef = B5A0327B17EB60600048E78A /* Foundation.framework */; };
		B5A0327E17EB60600048E78A /* CoreGraphics.framework in Frameworks */ = {isa = PBXBuildFile; fileRef = B5A0327D17EB60600048E78A /* CoreGraphics.framework */; };
		B5A0328017EB60600048E78A /* UIKit.framework in Frameworks */ = {isa = PBXBuildFile; fileRef = B5A0327F17EB60600048E78A /* UIKit.framework */; };
		B5A0328617EB60600048E78A /* InfoPlist.strings in Resources */ = {isa = PBXBuildFile; fileRef = B5A0328417EB60600048E78A /* InfoPlist.strings */; };
		B5A0328817EB60600048E78A /* main.m in Sources */ = {isa = PBXBuildFile; fileRef = B5A0328717EB60600048E78A /* main.m */; };
		B5A0328C17EB60600048E78A /* AppDelegate.m in Sources */ = {isa = PBXBuildFile; fileRef = B5A0328B17EB60600048E78A /* AppDelegate.m */; };
		B5A0328E17EB60600048E78A /* Images.xcassets in Resources */ = {isa = PBXBuildFile; fileRef = B5A0328D17EB60600048E78A /* Images.xcassets */; };
		B5A0329517EB60600048E78A /* XCTest.framework in Frameworks */ = {isa = PBXBuildFile; fileRef = B5A0329417EB60600048E78A /* XCTest.framework */; };
		B5A0329617EB60600048E78A /* Foundation.framework in Frameworks */ = {isa = PBXBuildFile; fileRef = B5A0327B17EB60600048E78A /* Foundation.framework */; };
		B5A0329717EB60600048E78A /* UIKit.framework in Frameworks */ = {isa = PBXBuildFile; fileRef = B5A0327F17EB60600048E78A /* UIKit.framework */; };
		B5A0329F17EB60600048E78A /* InfoPlist.strings in Resources */ = {isa = PBXBuildFile; fileRef = B5A0329D17EB60600048E78A /* InfoPlist.strings */; };
		B5A032A117EB60600048E78A /* tipCalculatorTests.m in Sources */ = {isa = PBXBuildFile; fileRef = B5A032A017EB60600048E78A /* tipCalculatorTests.m */; };
		B5A032AD17EB65650048E78A /* TipViewController.m in Sources */ = {isa = PBXBuildFile; fileRef = B5A032AB17EB65650048E78A /* TipViewController.m */; };
		B5A032AE17EB65650048E78A /* TipViewController.xib in Resources */ = {isa = PBXBuildFile; fileRef = B5A032AC17EB65650048E78A /* TipViewController.xib */; };
/* End PBXBuildFile section */

/* Begin PBXContainerItemProxy section */
		B5A0329817EB60600048E78A /* PBXContainerItemProxy */ = {
			isa = PBXContainerItemProxy;
			containerPortal = B5A0327017EB60600048E78A /* Project object */;
			proxyType = 1;
			remoteGlobalIDString = B5A0327717EB60600048E78A;
			remoteInfo = tipCalculator;
		};
/* End PBXContainerItemProxy section */

/* Begin PBXFileReference section */
		B5A0327817EB60600048E78A /* tipCalculator.app */ = {isa = PBXFileReference; explicitFileType = wrapper.application; includeInIndex = 0; path = tipCalculator.app; sourceTree = BUILT_PRODUCTS_DIR; };
		B5A0327B17EB60600048E78A /* Foundation.framework */ = {isa = PBXFileReference; lastKnownFileType = wrapper.framework; name = Foundation.framework; path = System/Library/Frameworks/Foundation.framework; sourceTree = SDKROOT; };
		B5A0327D17EB60600048E78A /* CoreGraphics.framework */ = {isa = PBXFileReference; lastKnownFileType = wrapper.framework; name = CoreGraphics.framework; path = System/Library/Frameworks/CoreGraphics.framework; sourceTree = SDKROOT; };
		B5A0327F17EB60600048E78A /* UIKit.framework */ = {isa = PBXFileReference; lastKnownFileType = wrapper.framework; name = UIKit.framework; path = System/Library/Frameworks/UIKit.framework; sourceTree = SDKROOT; };
		B5A0328317EB60600048E78A /* tipCalculator-Info.plist */ = {isa = PBXFileReference; lastKnownFileType = text.plist.xml; path = "tipCalculator-Info.plist"; sourceTree = "<group>"; };
		B5A0328517EB60600048E78A /* en */ = {isa = PBXFileReference; lastKnownFileType = text.plist.strings; name = en; path = en.lproj/InfoPlist.strings; sourceTree = "<group>"; };
		B5A0328717EB60600048E78A /* main.m */ = {isa = PBXFileReference; lastKnownFileType = sourcecode.c.objc; path = main.m; sourceTree = "<group>"; };
		B5A0328917EB60600048E78A /* tipCalculator-Prefix.pch */ = {isa = PBXFileReference; lastKnownFileType = sourcecode.c.h; path = "tipCalculator-Prefix.pch"; sourceTree = "<group>"; };
		B5A0328A17EB60600048E78A /* AppDelegate.h */ = {isa = PBXFileReference; lastKnownFileType = sourcecode.c.h; path = AppDelegate.h; sourceTree = "<group>"; };
		B5A0328B17EB60600048E78A /* AppDelegate.m */ = {isa = PBXFileReference; lastKnownFileType = sourcecode.c.objc; path = AppDelegate.m; sourceTree = "<group>"; };
		B5A0328D17EB60600048E78A /* Images.xcassets */ = {isa = PBXFileReference; lastKnownFileType = folder.assetcatalog; path = Images.xcassets; sourceTree = "<group>"; };
		B5A0329317EB60600048E78A /* tipCalculatorTests.xctest */ = {isa = PBXFileReference; explicitFileType = wrapper.cfbundle; includeInIndex = 0; path = tipCalculatorTests.xctest; sourceTree = BUILT_PRODUCTS_DIR; };
		B5A0329417EB60600048E78A /* XCTest.framework */ = {isa = PBXFileReference; lastKnownFileType = wrapper.framework; name = XCTest.framework; path = Library/Frameworks/XCTest.framework; sourceTree = DEVELOPER_DIR; };
		B5A0329C17EB60600048E78A /* tipCalculatorTests-Info.plist */ = {isa = PBXFileReference; lastKnownFileType = text.plist.xml; path = "tipCalculatorTests-Info.plist"; sourceTree = "<group>"; };
		B5A0329E17EB60600048E78A /* en */ = {isa = PBXFileReference; lastKnownFileType = text.plist.strings; name = en; path = en.lproj/InfoPlist.strings; sourceTree = "<group>"; };
		B5A032A017EB60600048E78A /* tipCalculatorTests.m */ = {isa = PBXFileReference; lastKnownFileType = sourcecode.c.objc; path = tipCalculatorTests.m; sourceTree = "<group>"; };
		B5A032AA17EB65650048E78A /* TipViewController.h */ = {isa = PBXFileReference; fileEncoding = 4; lastKnownFileType = sourcecode.c.h; path = TipViewController.h; sourceTree = "<group>"; };
		B5A032AB17EB65650048E78A /* TipViewController.m */ = {isa = PBXFileReference; fileEncoding = 4; lastKnownFileType = sourcecode.c.objc; path = TipViewController.m; sourceTree = "<group>"; };
		B5A032AC17EB65650048E78A /* TipViewController.xib */ = {isa = PBXFileReference; fileEncoding = 4; lastKnownFileType = file.xib; path = TipViewController.xib; sourceTree = "<group>"; };
/* End PBXFileReference section */

/* Begin PBXFrameworksBuildPhase section */
		B5A0327517EB60600048E78A /* Frameworks */ = {
			isa = PBXFrameworksBuildPhase;
			buildActionMask = 2147483647;
			files = (
				B5A0327E17EB60600048E78A /* CoreGraphics.framework in Frameworks */,
				B5A0328017EB60600048E78A /* UIKit.framework in Frameworks */,
				B5A0327C17EB60600048E78A /* Foundation.framework in Frameworks */,
			);
			runOnlyForDeploymentPostprocessing = 0;
		};
		B5A0329017EB60600048E78A /* Frameworks */ = {
			isa = PBXFrameworksBuildPhase;
			buildActionMask = 2147483647;
			files = (
				B5A0329517EB60600048E78A /* XCTest.framework in Frameworks */,
				B5A0329717EB60600048E78A /* UIKit.framework in Frameworks */,
				B5A0329617EB60600048E78A /* Foundation.framework in Frameworks */,
			);
			runOnlyForDeploymentPostprocessing = 0;
		};
/* End PBXFrameworksBuildPhase section */

/* Begin PBXGroup section */
		B5A0326F17EB60600048E78A = {
			isa = PBXGroup;
			children = (
				B5A0328117EB60600048E78A /* tipCalculator */,
				B5A0329A17EB60600048E78A /* tipCalculatorTests */,
				B5A0327A17EB60600048E78A /* Frameworks */,
				B5A0327917EB60600048E78A /* Products */,
			);
			sourceTree = "<group>";
		};
		B5A0327917EB60600048E78A /* Products */ = {
			isa = PBXGroup;
			children = (
				B5A0327817EB60600048E78A /* tipCalculator.app */,
				B5A0329317EB60600048E78A /* tipCalculatorTests.xctest */,
			);
			name = Products;
			sourceTree = "<group>";
		};
		B5A0327A17EB60600048E78A /* Frameworks */ = {
			isa = PBXGroup;
			children = (
				B5A0327B17EB60600048E78A /* Foundation.framework */,
				B5A0327D17EB60600048E78A /* CoreGraphics.framework */,
				B5A0327F17EB60600048E78A /* UIKit.framework */,
				B5A0329417EB60600048E78A /* XCTest.framework */,
			);
			name = Frameworks;
			sourceTree = "<group>";
		};
		B5A0328117EB60600048E78A /* tipCalculator */ = {
			isa = PBXGroup;
			children = (
				B5A0328A17EB60600048E78A /* AppDelegate.h */,
				B5A0328B17EB60600048E78A /* AppDelegate.m */,
				B5A0328D17EB60600048E78A /* Images.xcassets */,
				B5A0328217EB60600048E78A /* Supporting Files */,
				B5A032AA17EB65650048E78A /* TipViewController.h */,
				B5A032AB17EB65650048E78A /* TipViewController.m */,
				B5A032AC17EB65650048E78A /* TipViewController.xib */,
			);
			path = tipCalculator;
			sourceTree = "<group>";
		};
		B5A0328217EB60600048E78A /* Supporting Files */ = {
			isa = PBXGroup;
			children = (
				B5A0328317EB60600048E78A /* tipCalculator-Info.plist */,
				B5A0328417EB60600048E78A /* InfoPlist.strings */,
				B5A0328717EB60600048E78A /* main.m */,
				B5A0328917EB60600048E78A /* tipCalculator-Prefix.pch */,
			);
			name = "Supporting Files";
			sourceTree = "<group>";
		};
		B5A0329A17EB60600048E78A /* tipCalculatorTests */ = {
			isa = PBXGroup;
			children = (
				B5A032A017EB60600048E78A /* tipCalculatorTests.m */,
				B5A0329B17EB60600048E78A /* Supporting Files */,
			);
			path = tipCalculatorTests;
			sourceTree = "<group>";
		};
		B5A0329B17EB60600048E78A /* Supporting Files */ = {
			isa = PBXGroup;
			children = (
				B5A0329C17EB60600048E78A /* tipCalculatorTests-Info.plist */,
				B5A0329D17EB60600048E78A /* InfoPlist.strings */,
			);
			name = "Supporting Files";
			sourceTree = "<group>";
		};
/* End PBXGroup section */

/* Begin PBXNativeTarget section */
		B5A0327717EB60600048E78A /* tipCalculator */ = {
			isa = PBXNativeTarget;
			buildConfigurationList = B5A032A417EB60600048E78A /* Build configuration list for PBXNativeTarget "tipCalculator" */;
			buildPhases = (
				B5A0327417EB60600048E78A /* Sources */,
				B5A0327517EB60600048E78A /* Frameworks */,
				B5A0327617EB60600048E78A /* Resources */,
			);
			buildRules = (
			);
			dependencies = (
			);
			name = tipCalculator;
			productName = tipCalculator;
			productReference = B5A0327817EB60600048E78A /* tipCalculator.app */;
			productType = "com.apple.product-type.application";
		};
		B5A0329217EB60600048E78A /* tipCalculatorTests */ = {
			isa = PBXNativeTarget;
			buildConfigurationList = B5A032A717EB60600048E78A /* Build configuration list for PBXNativeTarget "tipCalculatorTests" */;
			buildPhases = (
				B5A0328F17EB60600048E78A /* Sources */,
				B5A0329017EB60600048E78A /* Frameworks */,
				B5A0329117EB60600048E78A /* Resources */,
			);
			buildRules = (
			);
			dependencies = (
				B5A0329917EB60600048E78A /* PBXTargetDependency */,
			);
			name = tipCalculatorTests;
			productName = tipCalculatorTests;
			productReference = B5A0329317EB60600048E78A /* tipCalculatorTests.xctest */;
			productType = "com.apple.product-type.bundle.unit-test";
		};
/* End PBXNativeTarget section */

/* Begin PBXProject section */
		B5A0327017EB60600048E78A /* Project object */ = {
			isa = PBXProject;
			attributes = {
				LastUpgradeCheck = 0500;
				ORGANIZATIONNAME = "Jiyoung Park";
				TargetAttributes = {
					B5A0329217EB60600048E78A = {
						TestTargetID = B5A0327717EB60600048E78A;
					};
				};
			};
			buildConfigurationList = B5A0327317EB60600048E78A /* Build configuration list for PBXProject "tipCalculator" */;
			compatibilityVersion = "Xcode 3.2";
			developmentRegion = English;
			hasScannedForEncodings = 0;
			knownRegions = (
				en,
			);
			mainGroup = B5A0326F17EB60600048E78A;
			productRefGroup = B5A0327917EB60600048E78A /* Products */;
			projectDirPath = "";
			projectRoot = "";
			targets = (
				B5A0327717EB60600048E78A /* tipCalculator */,
				B5A0329217EB60600048E78A /* tipCalculatorTests */,
			);
		};
/* End PBXProject section */

/* Begin PBXResourcesBuildPhase section */
		B5A0327617EB60600048E78A /* Resources */ = {
			isa = PBXResourcesBuildPhase;
			buildActionMask = 2147483647;
			files = (
				B5A032AE17EB65650048E78A /* TipViewController.xib in Resources */,
				B5A0328617EB60600048E78A /* InfoPlist.strings in Resources */,
				B5A0328E17EB60600048E78A /* Images.xcassets in Resources */,
			);
			runOnlyForDeploymentPostprocessing = 0;
		};
		B5A0329117EB60600048E78A /* Resources */ = {
			isa = PBXResourcesBuildPhase;
			buildActionMask = 2147483647;
			files = (
				B5A0329F17EB60600048E78A /* InfoPlist.strings in Resources */,
			);
			runOnlyForDeploymentPostprocessing = 0;
		};
/* End PBXResourcesBuildPhase section */

/* Begin PBXSourcesBuildPhase section */
		B5A0327417EB60600048E78A /* Sources */ = {
			isa = PBXSourcesBuildPhase;
			buildActionMask = 2147483647;
			files = (
				B5A0328C17EB60600048E78A /* AppDelegate.m in Sources */,
				B5A032AD17EB65650048E78A /* TipViewController.m in Sources */,
				B5A0328817EB60600048E78A /* main.m in Sources */,
			);
			runOnlyForDeploymentPostprocessing = 0;
		};
		B5A0328F17EB60600048E78A /* Sources */ = {
			isa = PBXSourcesBuildPhase;
			buildActionMask = 2147483647;
			files = (
				B5A032A117EB60600048E78A /* tipCalculatorTests.m in Sources */,
			);
			runOnlyForDeploymentPostprocessing = 0;
		};
/* End PBXSourcesBuildPhase section */

/* Begin PBXTargetDependency section */
		B5A0329917EB60600048E78A /* PBXTargetDependency */ = {
			isa = PBXTargetDependency;
			target = B5A0327717EB60600048E78A /* tipCalculator */;
			targetProxy = B5A0329817EB60600048E78A /* PBXContainerItemProxy */;
		};
/* End PBXTargetDependency section */

/* Begin PBXVariantGroup section */
		B5A0328417EB60600048E78A /* InfoPlist.strings */ = {
			isa = PBXVariantGroup;
			children = (
				B5A0328517EB60600048E78A /* en */,
			);
			name = InfoPlist.strings;
			sourceTree = "<group>";
		};
		B5A0329D17EB60600048E78A /* InfoPlist.strings */ = {
			isa = PBXVariantGroup;
			children = (
				B5A0329E17EB60600048E78A /* en */,
			);
			name = InfoPlist.strings;
			sourceTree = "<group>";
		};
/* End PBXVariantGroup section */

/* Begin XCBuildConfiguration section */
		B5A032A217EB60600048E78A /* Debug */ = {
			isa = XCBuildConfiguration;
			buildSettings = {
				ALWAYS_SEARCH_USER_PATHS = NO;
				ARCHS = "$(ARCHS_STANDARD_INCLUDING_64_BIT)";
				CLANG_CXX_LANGUAGE_STANDARD = "gnu++0x";
				CLANG_CXX_LIBRARY = "libc++";
				CLANG_ENABLE_MODULES = YES;
				CLANG_ENABLE_OBJC_ARC = YES;
				CLANG_WARN_BOOL_CONVERSION = YES;
				CLANG_WARN_CONSTANT_CONVERSION = YES;
				CLANG_WARN_DIRECT_OBJC_ISA_USAGE = YES_ERROR;
				CLANG_WARN_EMPTY_BODY = YES;
				CLANG_WARN_ENUM_CONVERSION = YES;
				CLANG_WARN_INT_CONVERSION = YES;
				CLANG_WARN_OBJC_ROOT_CLASS = YES_ERROR;
				CLANG_WARN__DUPLICATE_METHOD_MATCH = YES;
				"CODE_SIGN_IDENTITY[sdk=iphoneos*]" = "iPhone Developer";
				COPY_PHASE_STRIP = NO;
				GCC_C_LANGUAGE_STANDARD = gnu99;
				GCC_DYNAMIC_NO_PIC = NO;
				GCC_OPTIMIZATION_LEVEL = 0;
				GCC_PREPROCESSOR_DEFINITIONS = (
					"DEBUG=1",
					"$(inherited)",
				);
				GCC_SYMBOLS_PRIVATE_EXTERN = NO;
				GCC_WARN_64_TO_32_BIT_CONVERSION = YES;
				GCC_WARN_ABOUT_RETURN_TYPE = YES_ERROR;
				GCC_WARN_UNDECLARED_SELECTOR = YES;
				GCC_WARN_UNINITIALIZED_AUTOS = YES;
				GCC_WARN_UNUSED_FUNCTION = YES;
				GCC_WARN_UNUSED_VARIABLE = YES;
				IPHONEOS_DEPLOYMENT_TARGET = 7.0;
				ONLY_ACTIVE_ARCH = YES;
				SDKROOT = iphoneos;
			};
			name = Debug;
		};
		B5A032A317EB60600048E78A /* Release */ = {
			isa = XCBuildConfiguration;
			buildSettings = {
				ALWAYS_SEARCH_USER_PATHS = NO;
				ARCHS = "$(ARCHS_STANDARD_INCLUDING_64_BIT)";
				CLANG_CXX_LANGUAGE_STANDARD = "gnu++0x";
				CLANG_CXX_LIBRARY = "libc++";
				CLANG_ENABLE_MODULES = YES;
				CLANG_ENABLE_OBJC_ARC = YES;
				CLANG_WARN_BOOL_CONVERSION = YES;
				CLANG_WARN_CONSTANT_CONVERSION = YES;
				CLANG_WARN_DIRECT_OBJC_ISA_USAGE = YES_ERROR;
				CLANG_WARN_EMPTY_BODY = YES;
				CLANG_WARN_ENUM_CONVERSION = YES;
				CLANG_WARN_INT_CONVERSION = YES;
				CLANG_WARN_OBJC_ROOT_CLASS = YES_ERROR;
				CLANG_WARN__DUPLICATE_METHOD_MATCH = YES;
				"CODE_SIGN_IDENTITY[sdk=iphoneos*]" = "iPhone Developer";
				COPY_PHASE_STRIP = YES;
				ENABLE_NS_ASSERTIONS = NO;
				GCC_C_LANGUAGE_STANDARD = gnu99;
				GCC_WARN_64_TO_32_BIT_CONVERSION = YES;
				GCC_WARN_ABOUT_RETURN_TYPE = YES_ERROR;
				GCC_WARN_UNDECLARED_SELECTOR = YES;
				GCC_WARN_UNINITIALIZED_AUTOS = YES;
				GCC_WARN_UNUSED_FUNCTION = YES;
				GCC_WARN_UNUSED_VARIABLE = YES;
				IPHONEOS_DEPLOYMENT_TARGET = 7.0;
				SDKROOT = iphoneos;
				VALIDATE_PRODUCT = YES;
			};
			name = Release;
		};
		B5A032A517EB60600048E78A /* Debug */ = {
			isa = XCBuildConfiguration;
			buildSettings = {
				ASSETCATALOG_COMPILER_APPICON_NAME = AppIcon;
				ASSETCATALOG_COMPILER_LAUNCHIMAGE_NAME = LaunchImage;
				GCC_PRECOMPILE_PREFIX_HEADER = YES;
				GCC_PREFIX_HEADER = "tipCalculator/tipCalculator-Prefix.pch";
				INFOPLIST_FILE = "tipCalculator/tipCalculator-Info.plist";
				IPHONEOS_DEPLOYMENT_TARGET = 6.0;
				PRODUCT_NAME = "$(TARGET_NAME)";
				WRAPPER_EXTENSION = app;
			};
			name = Debug;
		};
		B5A032A617EB60600048E78A /* Release */ = {
			isa = XCBuildConfiguration;
			buildSettings = {
				ASSETCATALOG_COMPILER_APPICON_NAME = AppIcon;
				ASSETCATALOG_COMPILER_LAUNCHIMAGE_NAME = LaunchImage;
				GCC_PRECOMPILE_PREFIX_HEADER = YES;
				GCC_PREFIX_HEADER = "tipCalculator/tipCalculator-Prefix.pch";
				INFOPLIST_FILE = "tipCalculator/tipCalculator-Info.plist";
				IPHONEOS_DEPLOYMENT_TARGET = 6.0;
				PRODUCT_NAME = "$(TARGET_NAME)";
				WRAPPER_EXTENSION = app;
			};
			name = Release;
		};
		B5A032A817EB60600048E78A /* Debug */ = {
			isa = XCBuildConfiguration;
			buildSettings = {
				ARCHS = "$(ARCHS_STANDARD_INCLUDING_64_BIT)";
				BUNDLE_LOADER = "$(BUILT_PRODUCTS_DIR)/tipCalculator.app/tipCalculator";
				FRAMEWORK_SEARCH_PATHS = (
					"$(SDKROOT)/Developer/Library/Frameworks",
					"$(inherited)",
					"$(DEVELOPER_FRAMEWORKS_DIR)",
				);
				GCC_PRECOMPILE_PREFIX_HEADER = YES;
				GCC_PREFIX_HEADER = "tipCalculator/tipCalculator-Prefix.pch";
				GCC_PREPROCESSOR_DEFINITIONS = (
					"DEBUG=1",
					"$(inherited)",
				);
				INFOPLIST_FILE = "tipCalculatorTests/tipCalculatorTests-Info.plist";
				PRODUCT_NAME = "$(TARGET_NAME)";
				TEST_HOST = "$(BUNDLE_LOADER)";
				WRAPPER_EXTENSION = xctest;
			};
			name = Debug;
		};
		B5A032A917EB60600048E78A /* Release */ = {
			isa = XCBuildConfiguration;
			buildSettings = {
				ARCHS = "$(ARCHS_STANDARD_INCLUDING_64_BIT)";
				BUNDLE_LOADER = "$(BUILT_PRODUCTS_DIR)/tipCalculator.app/tipCalculator";
				FRAMEWORK_SEARCH_PATHS = (
					"$(SDKROOT)/Developer/Library/Frameworks",
					"$(inherited)",
					"$(DEVELOPER_FRAMEWORKS_DIR)",
				);
				GCC_PRECOMPILE_PREFIX_HEADER = YES;
				GCC_PREFIX_HEADER = "tipCalculator/tipCalculator-Prefix.pch";
				INFOPLIST_FILE = "tipCalculatorTests/tipCalculatorTests-Info.plist";
				PRODUCT_NAME = "$(TARGET_NAME)";
				TEST_HOST = "$(BUNDLE_LOADER)";
				WRAPPER_EXTENSION = xctest;
			};
			name = Release;
		};
/* End XCBuildConfiguration section */

/* Begin XCConfigurationList section */
		B5A0327317EB60600048E78A /* Build configuration list for PBXProject "tipCalculator" */ = {
			isa = XCConfigurationList;
			buildConfigurations = (
				B5A032A217EB60600048E78A /* Debug */,
				B5A032A317EB60600048E78A /* Release */,
			);
			defaultConfigurationIsVisible = 0;
			defaultConfigurationName = Release;
		};
		B5A032A417EB60600048E78A /* Build configuration list for PBXNativeTarget "tipCalculator" */ = {
			isa = XCConfigurationList;
			buildConfigurations = (
				B5A032A517EB60600048E78A /* Debug */,
				B5A032A617EB60600048E78A /* Release */,
			);
			defaultConfigurationIsVisible = 0;
		};
		B5A032A717EB60600048E78A /* Build configuration list for PBXNativeTarget "tipCalculatorTests" */ = {
			isa = XCConfigurationList;
			buildConfigurations = (
				B5A032A817EB60600048E78A /* Debug */,
				B5A032A917EB60600048E78A /* Release */,
			);
			defaultConfigurationIsVisible = 0;
		};
/* End XCConfigurationList section */
	};
	rootObject = B5A0327017EB60600048E78A /* Project object */;
}
